
Microsoft Visual Studio Solution File, Format Version 12.00
# Visual Studio Version 16
VisualStudioVersion = 16.0.30320.27
MinimumVisualStudioVersion = 10.0.40219.1
Project("{9A19103F-16F7-4668-BE54-9A1E7A4F7556}") = "Microsoft.PWABuilder.ManifestFinder", "Microsoft.PWABuilder.ManifestFinder.csproj", "{459AF31A-2B81-42A7-BA3E-DF520CD456E3}"
EndProject
Project("{2150E333-8FDC-42A3-9474-1A3956D46DE8}") = "Solution Items", "Solution Items", "{647CFE5A-3B3C-4B18-AEE2-2D5E0511320A}"
	ProjectSection(SolutionItems) = preProject
		Readme.md = Readme.md
	EndProjectSection
EndProject
Global
	GlobalSection(SolutionConfigurationPlatforms) = preSolution
		Debug|Any CPU = Debug|Any CPU
		Release|Any CPU = Release|Any CPU
	EndGlobalSection
	GlobalSection(ProjectConfigurationPlatforms) = postSolution
		{459AF31A-2B81-42A7-BA3E-DF520CD456E3}.Debug|Any CPU.ActiveCfg = Debug|Any CPU
		{459AF31A-2B81-42A7-BA3E-DF520CD456E3}.Debug|Any CPU.Build.0 = Debug|Any CPU
		{459AF31A-2B81-42A7-BA3E-DF520CD456E3}.Release|Any CPU.ActiveCfg = Release|Any CPU
		{459AF31A-2B81-42A7-BA3E-DF520CD456E3}.Release|Any CPU.Build.0 = Release|Any CPU
	EndGlobalSection
	GlobalSection(SolutionProperties) = preSolution
		HideSolutionNode = FALSE
	EndGlobalSection
	GlobalSection(ExtensibilityGlobals) = postSolution
		SolutionGuid = {F96C92BD-BAD7-4414-B08F-4920588F950E}
	EndGlobalSection
EndGlobal
